
Microsoft Visual Studio Solution File, Format Version 12.00
# Visual Studio Version 16
VisualStudioVersion = 16.0.31605.320
MinimumVisualStudioVersion = 10.0.40219.1
Project("{FAE04EC0-301F-11D3-BF4B-00C04F79EFBC}") = "Altklausur_GreiferBG_Analyse", "Altklausur_GreiferBG_Analyse.csproj", "{3019A47C-DC2C-46D0-A45A-B1FA25147652}"
EndProject
Global
	GlobalSection(SolutionConfigurationPlatforms) = preSolution
		Debug|Any CPU = Debug|Any CPU
		Release|Any CPU = Release|Any CPU
	EndGlobalSection
	GlobalSection(ProjectConfigurationPlatforms) = postSolution
		{3019A47C-DC2C-46D0-A45A-B1FA25147652}.Debug|Any CPU.ActiveCfg = Debug|Any CPU
		{3019A47C-DC2C-46D0-A45A-B1FA25147652}.Debug|Any CPU.Build.0 = Debug|Any CPU
		{3019A47C-DC2C-46D0-A45A-B1FA25147652}.Release|Any CPU.ActiveCfg = Release|Any CPU
		{3019A47C-DC2C-46D0-A45A-B1FA25147652}.Release|Any CPU.Build.0 = Release|Any CPU
	EndGlobalSection
	GlobalSection(SolutionProperties) = preSolution
		HideSolutionNode = FALSE
	EndGlobalSection
	GlobalSection(ExtensibilityGlobals) = postSolution
		SolutionGuid = {4C49A3A1-BA18-4CB1-83CC-1C307D595FB5}
	EndGlobalSection
EndGlobal
